
Microsoft Visual Studio Solution File, Format Version 12.00
# Visual Studio Version 16
VisualStudioVersion = 16.0.33130.400
MinimumVisualStudioVersion = 10.0.40219.1
Project("{FAE04EC0-301F-11D3-BF4B-00C04F79EFBC}") = "TravelTrip", "TravelTrip\TravelTrip.csproj", "{DAA4CF6C-F552-4433-B20A-83A78A78FB88}"
EndProject
Global
	GlobalSection(SolutionConfigurationPlatforms) = preSolution
		Debug|Any CPU = Debug|Any CPU
		Release|Any CPU = Release|Any CPU
	EndGlobalSection
	GlobalSection(ProjectConfigurationPlatforms) = postSolution
		{DAA4CF6C-F552-4433-B20A-83A78A78FB88}.Debug|Any CPU.ActiveCfg = Debug|Any CPU
		{DAA4CF6C-F552-4433-B20A-83A78A78FB88}.Debug|Any CPU.Build.0 = Debug|Any CPU
		{DAA4CF6C-F552-4433-B20A-83A78A78FB88}.Release|Any CPU.ActiveCfg = Release|Any CPU
		{DAA4CF6C-F552-4433-B20A-83A78A78FB88}.Release|Any CPU.Build.0 = Release|Any CPU
	EndGlobalSection
	GlobalSection(SolutionProperties) = preSolution
		HideSolutionNode = FALSE
	EndGlobalSection
	GlobalSection(ExtensibilityGlobals) = postSolution
		SolutionGuid = {CB6A4F4C-8C68-4A6E-8B38-38CBE109BE59}
	EndGlobalSection
EndGlobal
